
Microsoft Visual Studio Solution File, Format Version 12.00
# Visual Studio Version 17
VisualStudioVersion = 17.1.32228.430
MinimumVisualStudioVersion = 10.0.40219.1
Project("{FAE04EC0-301F-11D3-BF4B-00C04F79EFBC}") = "BackgroundTaskWithHangfire", "BackgroundTaskWithHangfire\BackgroundTaskWithHangfire.csproj", "{E666DA3F-82C5-4B0D-8819-C01B47EB832E}"
EndProject
Global
	GlobalSection(SolutionConfigurationPlatforms) = preSolution
		Debug|Any CPU = Debug|Any CPU
		Release|Any CPU = Release|Any CPU
	EndGlobalSection
	GlobalSection(ProjectConfigurationPlatforms) = postSolution
		{E666DA3F-82C5-4B0D-8819-C01B47EB832E}.Debug|Any CPU.ActiveCfg = Debug|Any CPU
		{E666DA3F-82C5-4B0D-8819-C01B47EB832E}.Debug|Any CPU.Build.0 = Debug|Any CPU
		{E666DA3F-82C5-4B0D-8819-C01B47EB832E}.Release|Any CPU.ActiveCfg = Release|Any CPU
		{E666DA3F-82C5-4B0D-8819-C01B47EB832E}.Release|Any CPU.Build.0 = Release|Any CPU
	EndGlobalSection
	GlobalSection(SolutionProperties) = preSolution
		HideSolutionNode = FALSE
	EndGlobalSection
	GlobalSection(ExtensibilityGlobals) = postSolution
		SolutionGuid = {6707413C-E1B0-468C-9276-C802F9CD6D06}
	EndGlobalSection
EndGlobal
